
Microsoft Visual Studio Solution File, Format Version 12.00
# Visual Studio Version 16
VisualStudioVersion = 16.0.31829.152
MinimumVisualStudioVersion = 10.0.40219.1
Project("{FAE04EC0-301F-11D3-BF4B-00C04F79EFBC}") = "Desafio.Intelectah", "src\Desafio.Intelectah\Desafio.Intelectah.csproj", "{B3297499-CC97-4373-B174-5D67457D15EE}"
EndProject
Project("{FAE04EC0-301F-11D3-BF4B-00C04F79EFBC}") = "Desafio.Intelectah.Business", "src\Desafio.Intelectah.Business\Desafio.Intelectah.Business.csproj", "{A0434C44-FCC5-412D-B22E-75D5B98A05B5}"
EndProject
Project("{FAE04EC0-301F-11D3-BF4B-00C04F79EFBC}") = "Desafio.Intelectah.Infra", "src\Desafio.Intelectah.Infra\Desafio.Intelectah.Infra.csproj", "{8E699D83-6EFC-40C9-9C48-C708495FE2D7}"
EndProject
Global
	GlobalSection(SolutionConfigurationPlatforms) = preSolution
		Debug|Any CPU = Debug|Any CPU
		Release|Any CPU = Release|Any CPU
	EndGlobalSection
	GlobalSection(ProjectConfigurationPlatforms) = postSolution
		{B3297499-CC97-4373-B174-5D67457D15EE}.Debug|Any CPU.ActiveCfg = Debug|Any CPU
		{B3297499-CC97-4373-B174-5D67457D15EE}.Debug|Any CPU.Build.0 = Debug|Any CPU
		{B3297499-CC97-4373-B174-5D67457D15EE}.Release|Any CPU.ActiveCfg = Release|Any CPU
		{B3297499-CC97-4373-B174-5D67457D15EE}.Release|Any CPU.Build.0 = Release|Any CPU
		{A0434C44-FCC5-412D-B22E-75D5B98A05B5}.Debug|Any CPU.ActiveCfg = Debug|Any CPU
		{A0434C44-FCC5-412D-B22E-75D5B98A05B5}.Debug|Any CPU.Build.0 = Debug|Any CPU
		{A0434C44-FCC5-412D-B22E-75D5B98A05B5}.Release|Any CPU.ActiveCfg = Release|Any CPU
		{A0434C44-FCC5-412D-B22E-75D5B98A05B5}.Release|Any CPU.Build.0 = Release|Any CPU
		{8E699D83-6EFC-40C9-9C48-C708495FE2D7}.Debug|Any CPU.ActiveCfg = Debug|Any CPU
		{8E699D83-6EFC-40C9-9C48-C708495FE2D7}.Debug|Any CPU.Build.0 = Debug|Any CPU
		{8E699D83-6EFC-40C9-9C48-C708495FE2D7}.Release|Any CPU.ActiveCfg = Release|Any CPU
		{8E699D83-6EFC-40C9-9C48-C708495FE2D7}.Release|Any CPU.Build.0 = Release|Any CPU
	EndGlobalSection
	GlobalSection(SolutionProperties) = preSolution
		HideSolutionNode = FALSE
	EndGlobalSection
	GlobalSection(ExtensibilityGlobals) = postSolution
		SolutionGuid = {6FA6C4FE-7C07-4E83-AE20-08C925F9EBD9}
	EndGlobalSection
EndGlobal
